
Microsoft Visual Studio Solution File, Format Version 12.00
# Visual Studio 2013
VisualStudioVersion = 12.0.21005.1
MinimumVisualStudioVersion = 10.0.40219.1
Project("{FAE04EC0-301F-11D3-BF4B-00C04F79EFBC}") = "00.Simple_Loops", "00.Simple_Loops\00.Simple_Loops.csproj", "{F2D768FF-0510-4E7D-A319-F51ECDDC3286}"
EndProject
Project("{FAE04EC0-301F-11D3-BF4B-00C04F79EFBC}") = "01.Numbers_from_1_to_100", "01.Numbers_from_1_to_100\01.Numbers_from_1_to_100.csproj", "{7713B9C3-0065-4960-A9E1-97781324ACF6}"
EndProject
Project("{FAE04EC0-301F-11D3-BF4B-00C04F79EFBC}") = "02. Numbers_Ending_in_7", "02. Numbers_Ending_in_7\02. Numbers_Ending_in_7.csproj", "{F2BC4A5F-7469-4DB1-89AA-68304220FCC9}"
EndProject
Project("{FAE04EC0-301F-11D3-BF4B-00C04F79EFBC}") = "03.Latin_Letters", "03.Latin_Letters\03.Latin_Letters.csproj", "{93608E04-AD26-4CED-B6FC-98BD77F5C7DC}"
EndProject
Project("{FAE04EC0-301F-11D3-BF4B-00C04F79EFBC}") = "04.Sum_Numbers", "04.Sum_Numbers\04.Sum_Numbers.csproj", "{47A9D2C6-ED98-478D-B536-D0AC863477DF}"
EndProject
Project("{FAE04EC0-301F-11D3-BF4B-00C04F79EFBC}") = "05.Max_Number", "05.Max_Number\05.Max_Number.csproj", "{B8814CBD-C632-4627-A6B3-55200F94DABC}"
EndProject
Project("{FAE04EC0-301F-11D3-BF4B-00C04F79EFBC}") = "06.Min_Number", "06.Min_Number\06.Min_Number.csproj", "{451723E2-3C76-4383-A375-69A0C8482690}"
EndProject
Project("{FAE04EC0-301F-11D3-BF4B-00C04F79EFBC}") = "07.Left_and_Right_Sum", "07.Left_and_Right_Sum\07.Left_and_Right_Sum.csproj", "{BD8B0F16-5BF8-483B-8666-3DC724311E8F}"
EndProject
Project("{FAE04EC0-301F-11D3-BF4B-00C04F79EFBC}") = "08.Odd_Even_Sum", "08.OddEven_Sum\08.Odd_Even_Sum.csproj", "{9219D1CD-186D-4870-BF4F-8292529C5754}"
EndProject
Project("{FAE04EC0-301F-11D3-BF4B-00C04F79EFBC}") = "09.Vowels_Sum", "09.Vowels_Sum\09.Vowels_Sum.csproj", "{651C5E0E-263B-46EA-AC6A-F9CC7FDFBD3E}"
EndProject
Project("{FAE04EC0-301F-11D3-BF4B-00C04F79EFBC}") = "10.Half_Sum_Element", "10.Half_Sum_Element\10.Half_Sum_Element.csproj", "{EC2BBFFB-16C0-48C5-B61B-A1A5536F7EB9}"
EndProject
Project("{FAE04EC0-301F-11D3-BF4B-00C04F79EFBC}") = "11.Odd_Even_Position", "11.Odd_Even_Position\11.Odd_Even_Position.csproj", "{36BEC3EB-13E5-403A-B49B-B4B2DF5A7218}"
EndProject
Project("{FAE04EC0-301F-11D3-BF4B-00C04F79EFBC}") = "12.Equal_Pairs", "12.Equal_Pairs\12.Equal_Pairs.csproj", "{2A71CFE2-2EB8-4442-AE8E-D805D0E22B5E}"
EndProject
Global
	GlobalSection(SolutionConfigurationPlatforms) = preSolution
		Debug|Any CPU = Debug|Any CPU
		Release|Any CPU = Release|Any CPU
	EndGlobalSection
	GlobalSection(ProjectConfigurationPlatforms) = postSolution
		{F2D768FF-0510-4E7D-A319-F51ECDDC3286}.Debug|Any CPU.ActiveCfg = Debug|Any CPU
		{F2D768FF-0510-4E7D-A319-F51ECDDC3286}.Debug|Any CPU.Build.0 = Debug|Any CPU
		{F2D768FF-0510-4E7D-A319-F51ECDDC3286}.Release|Any CPU.ActiveCfg = Release|Any CPU
		{F2D768FF-0510-4E7D-A319-F51ECDDC3286}.Release|Any CPU.Build.0 = Release|Any CPU
		{7713B9C3-0065-4960-A9E1-97781324ACF6}.Debug|Any CPU.ActiveCfg = Debug|Any CPU
		{7713B9C3-0065-4960-A9E1-97781324ACF6}.Debug|Any CPU.Build.0 = Debug|Any CPU
		{7713B9C3-0065-4960-A9E1-97781324ACF6}.Release|Any CPU.ActiveCfg = Release|Any CPU
		{7713B9C3-0065-4960-A9E1-97781324ACF6}.Release|Any CPU.Build.0 = Release|Any CPU
		{F2BC4A5F-7469-4DB1-89AA-68304220FCC9}.Debug|Any CPU.ActiveCfg = Debug|Any CPU
		{F2BC4A5F-7469-4DB1-89AA-68304220FCC9}.Debug|Any CPU.Build.0 = Debug|Any CPU
		{F2BC4A5F-7469-4DB1-89AA-68304220FCC9}.Release|Any CPU.ActiveCfg = Release|Any CPU
		{F2BC4A5F-7469-4DB1-89AA-68304220FCC9}.Release|Any CPU.Build.0 = Release|Any CPU
		{93608E04-AD26-4CED-B6FC-98BD77F5C7DC}.Debug|Any CPU.ActiveCfg = Debug|Any CPU
		{93608E04-AD26-4CED-B6FC-98BD77F5C7DC}.Debug|Any CPU.Build.0 = Debug|Any CPU
		{93608E04-AD26-4CED-B6FC-98BD77F5C7DC}.Release|Any CPU.ActiveCfg = Release|Any CPU
		{93608E04-AD26-4CED-B6FC-98BD77F5C7DC}.Release|Any CPU.Build.0 = Release|Any CPU
		{47A9D2C6-ED98-478D-B536-D0AC863477DF}.Debug|Any CPU.ActiveCfg = Debug|Any CPU
		{47A9D2C6-ED98-478D-B536-D0AC863477DF}.Debug|Any CPU.Build.0 = Debug|Any CPU
		{47A9D2C6-ED98-478D-B536-D0AC863477DF}.Release|Any CPU.ActiveCfg = Release|Any CPU
		{47A9D2C6-ED98-478D-B536-D0AC863477DF}.Release|Any CPU.Build.0 = Release|Any CPU
		{B8814CBD-C632-4627-A6B3-55200F94DABC}.Debug|Any CPU.ActiveCfg = Debug|Any CPU
		{B8814CBD-C632-4627-A6B3-55200F94DABC}.Debug|Any CPU.Build.0 = Debug|Any CPU
		{B8814CBD-C632-4627-A6B3-55200F94DABC}.Release|Any CPU.ActiveCfg = Release|Any CPU
		{B8814CBD-C632-4627-A6B3-55200F94DABC}.Release|Any CPU.Build.0 = Release|Any CPU
		{451723E2-3C76-4383-A375-69A0C8482690}.Debug|Any CPU.ActiveCfg = Debug|Any CPU
		{451723E2-3C76-4383-A375-69A0C8482690}.Debug|Any CPU.Build.0 = Debug|Any CPU
		{451723E2-3C76-4383-A375-69A0C8482690}.Release|Any CPU.ActiveCfg = Release|Any CPU
		{451723E2-3C76-4383-A375-69A0C8482690}.Release|Any CPU.Build.0 = Release|Any CPU
		{BD8B0F16-5BF8-483B-8666-3DC724311E8F}.Debug|Any CPU.ActiveCfg = Debug|Any CPU
		{BD8B0F16-5BF8-483B-8666-3DC724311E8F}.Debug|Any CPU.Build.0 = Debug|Any CPU
		{BD8B0F16-5BF8-483B-8666-3DC724311E8F}.Release|Any CPU.ActiveCfg = Release|Any CPU
		{BD8B0F16-5BF8-483B-8666-3DC724311E8F}.Release|Any CPU.Build.0 = Release|Any CPU
		{9219D1CD-186D-4870-BF4F-8292529C5754}.Debug|Any CPU.ActiveCfg = Debug|Any CPU
		{9219D1CD-186D-4870-BF4F-8292529C5754}.Debug|Any CPU.Build.0 = Debug|Any CPU
		{9219D1CD-186D-4870-BF4F-8292529C5754}.Release|Any CPU.ActiveCfg = Release|Any CPU
		{9219D1CD-186D-4870-BF4F-8292529C5754}.Release|Any CPU.Build.0 = Release|Any CPU
		{651C5E0E-263B-46EA-AC6A-F9CC7FDFBD3E}.Debug|Any CPU.ActiveCfg = Debug|Any CPU
		{651C5E0E-263B-46EA-AC6A-F9CC7FDFBD3E}.Debug|Any CPU.Build.0 = Debug|Any CPU
		{651C5E0E-263B-46EA-AC6A-F9CC7FDFBD3E}.Release|Any CPU.ActiveCfg = Release|Any CPU
		{651C5E0E-263B-46EA-AC6A-F9CC7FDFBD3E}.Release|Any CPU.Build.0 = Release|Any CPU
		{EC2BBFFB-16C0-48C5-B61B-A1A5536F7EB9}.Debug|Any CPU.ActiveCfg = Debug|Any CPU
		{EC2BBFFB-16C0-48C5-B61B-A1A5536F7EB9}.Debug|Any CPU.Build.0 = Debug|Any CPU
		{EC2BBFFB-16C0-48C5-B61B-A1A5536F7EB9}.Release|Any CPU.ActiveCfg = Release|Any CPU
		{EC2BBFFB-16C0-48C5-B61B-A1A5536F7EB9}.Release|Any CPU.Build.0 = Release|Any CPU
		{36BEC3EB-13E5-403A-B49B-B4B2DF5A7218}.Debug|Any CPU.ActiveCfg = Debug|Any CPU
		{36BEC3EB-13E5-403A-B49B-B4B2DF5A7218}.Debug|Any CPU.Build.0 = Debug|Any CPU
		{36BEC3EB-13E5-403A-B49B-B4B2DF5A7218}.Release|Any CPU.ActiveCfg = Release|Any CPU
		{36BEC3EB-13E5-403A-B49B-B4B2DF5A7218}.Release|Any CPU.Build.0 = Release|Any CPU
		{2A71CFE2-2EB8-4442-AE8E-D805D0E22B5E}.Debug|Any CPU.ActiveCfg = Debug|Any CPU
		{2A71CFE2-2EB8-4442-AE8E-D805D0E22B5E}.Debug|Any CPU.Build.0 = Debug|Any CPU
		{2A71CFE2-2EB8-4442-AE8E-D805D0E22B5E}.Release|Any CPU.ActiveCfg = Release|Any CPU
		{2A71CFE2-2EB8-4442-AE8E-D805D0E22B5E}.Release|Any CPU.Build.0 = Release|Any CPU
	EndGlobalSection
	GlobalSection(SolutionProperties) = preSolution
		HideSolutionNode = FALSE
	EndGlobalSection
EndGlobal
